// !$*UTF8*$!
{
	archiveVersion = 1;
	classes = {
	};
	objectVersion = 55;
	objects = {

/* Begin PBXBuildFile section */
		A311792428E082D300810F3A /* memoApp.swift in Sources */ = {isa = PBXBuildFile; fileRef = A311792328E082D300810F3A /* memoApp.swift */; };
		A311792628E082D300810F3A /* ContentView.swift in Sources */ = {isa = PBXBuildFile; fileRef = A311792528E082D300810F3A /* ContentView.swift */; };
		A311792828E082D400810F3A /* Assets.xcassets in Resources */ = {isa = PBXBuildFile; fileRef = A311792728E082D400810F3A /* Assets.xcassets */; };
		A311792B28E082D400810F3A /* Preview Assets.xcassets in Resources */ = {isa = PBXBuildFile; fileRef = A311792A28E082D400810F3A /* Preview Assets.xcassets */; };
		A311793528E082D400810F3A /* memoTests.swift in Sources */ = {isa = PBXBuildFile; fileRef = A311793428E082D400810F3A /* memoTests.swift */; };
		A311793F28E082D400810F3A /* memoUITests.swift in Sources */ = {isa = PBXBuildFile; fileRef = A311793E28E082D400810F3A /* memoUITests.swift */; };
		A311794128E082D400810F3A /* memoUITestsLaunchTests.swift in Sources */ = {isa = PBXBuildFile; fileRef = A311794028E082D400810F3A /* memoUITestsLaunchTests.swift */; };
/* End PBXBuildFile section */

/* Begin PBXContainerItemProxy section */
		A311793128E082D400810F3A /* PBXContainerItemProxy */ = {
			isa = PBXContainerItemProxy;
			containerPortal = A311791828E082D300810F3A /* Project object */;
			proxyType = 1;
			remoteGlobalIDString = A311791F28E082D300810F3A;
			remoteInfo = memo;
		};
		A311793B28E082D400810F3A /* PBXContainerItemProxy */ = {
			isa = PBXContainerItemProxy;
			containerPortal = A311791828E082D300810F3A /* Project object */;
			proxyType = 1;
			remoteGlobalIDString = A311791F28E082D300810F3A;
			remoteInfo = memo;
		};
/* End PBXContainerItemProxy section */

/* Begin PBXFileReference section */
		A311792028E082D300810F3A /* memo.app */ = {isa = PBXFileReference; explicitFileType = wrapper.application; includeInIndex = 0; path = memo.app; sourceTree = BUILT_PRODUCTS_DIR; };
		A311792328E082D300810F3A /* memoApp.swift */ = {isa = PBXFileReference; lastKnownFileType = sourcecode.swift; path = memoApp.swift; sourceTree = "<group>"; };
		A311792528E082D300810F3A /* ContentView.swift */ = {isa = PBXFileReference; lastKnownFileType = sourcecode.swift; path = ContentView.swift; sourceTree = "<group>"; };
		A311792728E082D400810F3A /* Assets.xcassets */ = {isa = PBXFileReference; lastKnownFileType = folder.assetcatalog; path = Assets.xcassets; sourceTree = "<group>"; };
		A311792A28E082D400810F3A /* Preview Assets.xcassets */ = {isa = PBXFileReference; lastKnownFileType = folder.assetcatalog; path = "Preview Assets.xcassets"; sourceTree = "<group>"; };
		A311793028E082D400810F3A /* memoTests.xctest */ = {isa = PBXFileReference; explicitFileType = wrapper.cfbundle; includeInIndex = 0; path = memoTests.xctest; sourceTree = BUILT_PRODUCTS_DIR; };
		A311793428E082D400810F3A /* memoTests.swift */ = {isa = PBXFileReference; lastKnownFileType = sourcecode.swift; path = memoTests.swift; sourceTree = "<group>"; };
		A311793A28E082D400810F3A /* memoUITests.xctest */ = {isa = PBXFileReference; explicitFileType = wrapper.cfbundle; includeInIndex = 0; path = memoUITests.xctest; sourceTree = BUILT_PRODUCTS_DIR; };
		A311793E28E082D400810F3A /* memoUITests.swift */ = {isa = PBXFileReference; lastKnownFileType = sourcecode.swift; path = memoUITests.swift; sourceTree = "<group>"; };
		A311794028E082D400810F3A /* memoUITestsLaunchTests.swift */ = {isa = PBXFileReference; lastKnownFileType = sourcecode.swift; path = memoUITestsLaunchTests.swift; sourceTree = "<group>"; };
/* End PBXFileReference section */

/* Begin PBXFrameworksBuildPhase section */
		A311791D28E082D300810F3A /* Frameworks */ = {
			isa = PBXFrameworksBuildPhase;
			buildActionMask = 2147483647;
			files = (
			);
			runOnlyForDeploymentPostprocessing = 0;
		};
		A311792D28E082D400810F3A /* Frameworks */ = {
			isa = PBXFrameworksBuildPhase;
			buildActionMask = 2147483647;
			files = (
			);
			runOnlyForDeploymentPostprocessing = 0;
		};
		A311793728E082D400810F3A /* Frameworks */ = {
			isa = PBXFrameworksBuildPhase;
			buildActionMask = 2147483647;
			files = (
			);
			runOnlyForDeploymentPostprocessing = 0;
		};
/* End PBXFrameworksBuildPhase section */

/* Begin PBXGroup section */
		A311791728E082D300810F3A = {
			isa = PBXGroup;
			children = (
				A311792228E082D300810F3A /* memo */,
				A311793328E082D400810F3A /* memoTests */,
				A311793D28E082D400810F3A /* memoUITests */,
				A311792128E082D300810F3A /* Products */,
			);
			sourceTree = "<group>";
		};
		A311792128E082D300810F3A /* Products */ = {
			isa = PBXGroup;
			children = (
				A311792028E082D300810F3A /* memo.app */,
				A311793028E082D400810F3A /* memoTests.xctest */,
				A311793A28E082D400810F3A /* memoUITests.xctest */,
			);
			name = Products;
			sourceTree = "<group>";
		};
		A311792228E082D300810F3A /* memo */ = {
			isa = PBXGroup;
			children = (
				A311792328E082D300810F3A /* memoApp.swift */,
				A311792528E082D300810F3A /* ContentView.swift */,
				A311792728E082D400810F3A /* Assets.xcassets */,
				A311792928E082D400810F3A /* Preview Content */,
			);
			path = memo;
			sourceTree = "<group>";
		};
		A311792928E082D400810F3A /* Preview Content */ = {
			isa = PBXGroup;
			children = (
				A311792A28E082D400810F3A /* Preview Assets.xcassets */,
			);
			path = "Preview Content";
			sourceTree = "<group>";
		};
		A311793328E082D400810F3A /* memoTests */ = {
			isa = PBXGroup;
			children = (
				A311793428E082D400810F3A /* memoTests.swift */,
			);
			path = memoTests;
			sourceTree = "<group>";
		};
		A311793D28E082D400810F3A /* memoUITests */ = {
			isa = PBXGroup;
			children = (
				A311793E28E082D400810F3A /* memoUITests.swift */,
				A311794028E082D400810F3A /* memoUITestsLaunchTests.swift */,
			);
			path = memoUITests;
			sourceTree = "<group>";
		};
/* End PBXGroup section */

/* Begin PBXNativeTarget section */
		A311791F28E082D300810F3A /* memo */ = {
			isa = PBXNativeTarget;
			buildConfigurationList = A311794428E082D400810F3A /* Build configuration list for PBXNativeTarget "memo" */;
			buildPhases = (
				A311791C28E082D300810F3A /* Sources */,
				A311791D28E082D300810F3A /* Frameworks */,
				A311791E28E082D300810F3A /* Resources */,
			);
			buildRules = (
			);
			dependencies = (
			);
			name = memo;
			productName = memo;
			productReference = A311792028E082D300810F3A /* memo.app */;
			productType = "com.apple.product-type.application";
		};
		A311792F28E082D400810F3A /* memoTests */ = {
			isa = PBXNativeTarget;
			buildConfigurationList = A311794728E082D400810F3A /* Build configuration list for PBXNativeTarget "memoTests" */;
			buildPhases = (
				A311792C28E082D400810F3A /* Sources */,
				A311792D28E082D400810F3A /* Frameworks */,
				A311792E28E082D400810F3A /* Resources */,
			);
			buildRules = (
			);
			dependencies = (
				A311793228E082D400810F3A /* PBXTargetDependency */,
			);
			name = memoTests;
			productName = memoTests;
			productReference = A311793028E082D400810F3A /* memoTests.xctest */;
			productType = "com.apple.product-type.bundle.unit-test";
		};
		A311793928E082D400810F3A /* memoUITests */ = {
			isa = PBXNativeTarget;
			buildConfigurationList = A311794A28E082D400810F3A /* Build configuration list for PBXNativeTarget "memoUITests" */;
			buildPhases = (
				A311793628E082D400810F3A /* Sources */,
				A311793728E082D400810F3A /* Frameworks */,
				A311793828E082D400810F3A /* Resources */,
			);
			buildRules = (
			);
			dependencies = (
				A311793C28E082D400810F3A /* PBXTargetDependency */,
			);
			name = memoUITests;
			productName = memoUITests;
			productReference = A311793A28E082D400810F3A /* memoUITests.xctest */;
			productType = "com.apple.product-type.bundle.ui-testing";
		};
/* End PBXNativeTarget section */

/* Begin PBXProject section */
		A311791828E082D300810F3A /* Project object */ = {
			isa = PBXProject;
			attributes = {
				BuildIndependentTargetsInParallel = 1;
				LastSwiftUpdateCheck = 1340;
				LastUpgradeCheck = 1340;
				TargetAttributes = {
					A311791F28E082D300810F3A = {
						CreatedOnToolsVersion = 13.4.1;
					};
					A311792F28E082D400810F3A = {
						CreatedOnToolsVersion = 13.4.1;
						TestTargetID = A311791F28E082D300810F3A;
					};
					A311793928E082D400810F3A = {
						CreatedOnToolsVersion = 13.4.1;
						TestTargetID = A311791F28E082D300810F3A;
					};
				};
			};
			buildConfigurationList = A311791B28E082D300810F3A /* Build configuration list for PBXProject "memo" */;
			compatibilityVersion = "Xcode 13.0";
			developmentRegion = en;
			hasScannedForEncodings = 0;
			knownRegions = (
				en,
				Base,
			);
			mainGroup = A311791728E082D300810F3A;
			productRefGroup = A311792128E082D300810F3A /* Products */;
			projectDirPath = "";
			projectRoot = "";
			targets = (
				A311791F28E082D300810F3A /* memo */,
				A311792F28E082D400810F3A /* memoTests */,
				A311793928E082D400810F3A /* memoUITests */,
			);
		};
/* End PBXProject section */

/* Begin PBXResourcesBuildPhase section */
		A311791E28E082D300810F3A /* Resources */ = {
			isa = PBXResourcesBuildPhase;
			buildActionMask = 2147483647;
			files = (
				A311792B28E082D400810F3A /* Preview Assets.xcassets in Resources */,
				A311792828E082D400810F3A /* Assets.xcassets in Resources */,
			);
			runOnlyForDeploymentPostprocessing = 0;
		};
		A311792E28E082D400810F3A /* Resources */ = {
			isa = PBXResourcesBuildPhase;
			buildActionMask = 2147483647;
			files = (
			);
			runOnlyForDeploymentPostprocessing = 0;
		};
		A311793828E082D400810F3A /* Resources */ = {
			isa = PBXResourcesBuildPhase;
			buildActionMask = 2147483647;
			files = (
			);
			runOnlyForDeploymentPostprocessing = 0;
		};
/* End PBXResourcesBuildPhase section */

/* Begin PBXSourcesBuildPhase section */
		A311791C28E082D300810F3A /* Sources */ = {
			isa = PBXSourcesBuildPhase;
			buildActionMask = 2147483647;
			files = (
				A311792628E082D300810F3A /* ContentView.swift in Sources */,
				A311792428E082D300810F3A /* memoApp.swift in Sources */,
			);
			runOnlyForDeploymentPostprocessing = 0;
		};
		A311792C28E082D400810F3A /* Sources */ = {
			isa = PBXSourcesBuildPhase;
			buildActionMask = 2147483647;
			files = (
				A311793528E082D400810F3A /* memoTests.swift in Sources */,
			);
			runOnlyForDeploymentPostprocessing = 0;
		};
		A311793628E082D400810F3A /* Sources */ = {
			isa = PBXSourcesBuildPhase;
			buildActionMask = 2147483647;
			files = (
				A311794128E082D400810F3A /* memoUITestsLaunchTests.swift in Sources */,
				A311793F28E082D400810F3A /* memoUITests.swift in Sources */,
			);
			runOnlyForDeploymentPostprocessing = 0;
		};
/* End PBXSourcesBuildPhase section */

/* Begin PBXTargetDependency section */
		A311793228E082D400810F3A /* PBXTargetDependency */ = {
			isa = PBXTargetDependency;
			target = A311791F28E082D300810F3A /* memo */;
			targetProxy = A311793128E082D400810F3A /* PBXContainerItemProxy */;
		};
		A311793C28E082D400810F3A /* PBXTargetDependency */ = {
			isa = PBXTargetDependency;
			target = A311791F28E082D300810F3A /* memo */;
			targetProxy = A311793B28E082D400810F3A /* PBXContainerItemProxy */;
		};
/* End PBXTargetDependency section */

/* Begin XCBuildConfiguration section */
		A311794228E082D400810F3A /* Debug */ = {
			isa = XCBuildConfiguration;
			buildSettings = {
				ALWAYS_SEARCH_USER_PATHS = NO;
				CLANG_ANALYZER_NONNULL = YES;
				CLANG_ANALYZER_NUMBER_OBJECT_CONVERSION = YES_AGGRESSIVE;
				CLANG_CXX_LANGUAGE_STANDARD = "gnu++17";
				CLANG_ENABLE_MODULES = YES;
				CLANG_ENABLE_OBJC_ARC = YES;
				CLANG_ENABLE_OBJC_WEAK = YES;
				CLANG_WARN_BLOCK_CAPTURE_AUTORELEASING = YES;
				CLANG_WARN_BOOL_CONVERSION = YES;
				CLANG_WARN_COMMA = YES;
				CLANG_WARN_CONSTANT_CONVERSION = YES;
				CLANG_WARN_DEPRECATED_OBJC_IMPLEMENTATIONS = YES;
				CLANG_WARN_DIRECT_OBJC_ISA_USAGE = YES_ERROR;
				CLANG_WARN_DOCUMENTATION_COMMENTS = YES;
				CLANG_WARN_EMPTY_BODY = YES;
				CLANG_WARN_ENUM_CONVERSION = YES;
				CLANG_WARN_INFINITE_RECURSION = YES;
				CLANG_WARN_INT_CONVERSION = YES;
				CLANG_WARN_NON_LITERAL_NULL_CONVERSION = YES;
				CLANG_WARN_OBJC_IMPLICIT_RETAIN_SELF = YES;
				CLANG_WARN_OBJC_LITERAL_CONVERSION = YES;
				CLANG_WARN_OBJC_ROOT_CLASS = YES_ERROR;
				CLANG_WARN_QUOTED_INCLUDE_IN_FRAMEWORK_HEADER = YES;
				CLANG_WARN_RANGE_LOOP_ANALYSIS = YES;
				CLANG_WARN_STRICT_PROTOTYPES = YES;
				CLANG_WARN_SUSPICIOUS_MOVE = YES;
				CLANG_WARN_UNGUARDED_AVAILABILITY = YES_AGGRESSIVE;
				CLANG_WARN_UNREACHABLE_CODE = YES;
				CLANG_WARN__DUPLICATE_METHOD_MATCH = YES;
				COPY_PHASE_STRIP = NO;
				DEBUG_INFORMATION_FORMAT = dwarf;
				ENABLE_STRICT_OBJC_MSGSEND = YES;
				ENABLE_TESTABILITY = YES;
				GCC_C_LANGUAGE_STANDARD = gnu11;
				GCC_DYNAMIC_NO_PIC = NO;
				GCC_NO_COMMON_BLOCKS = YES;
				GCC_OPTIMIZATION_LEVEL = 0;
				GCC_PREPROCESSOR_DEFINITIONS = (
					"DEBUG=1",
					"$(inherited)",
				);
				GCC_WARN_64_TO_32_BIT_CONVERSION = YES;
				GCC_WARN_ABOUT_RETURN_TYPE = YES_ERROR;
				GCC_WARN_UNDECLARED_SELECTOR = YES;
				GCC_WARN_UNINITIALIZED_AUTOS = YES_AGGRESSIVE;
				GCC_WARN_UNUSED_FUNCTION = YES;
				GCC_WARN_UNUSED_VARIABLE = YES;
				IPHONEOS_DEPLOYMENT_TARGET = 15.5;
				MTL_ENABLE_DEBUG_INFO = INCLUDE_SOURCE;
				MTL_FAST_MATH = YES;
				ONLY_ACTIVE_ARCH = YES;
				SDKROOT = iphoneos;
				SWIFT_ACTIVE_COMPILATION_CONDITIONS = DEBUG;
				SWIFT_OPTIMIZATION_LEVEL = "-Onone";
			};
			name = Debug;
		};
		A311794328E082D400810F3A /* Release */ = {
			isa = XCBuildConfiguration;
			buildSettings = {
				ALWAYS_SEARCH_USER_PATHS = NO;
				CLANG_ANALYZER_NONNULL = YES;
				CLANG_ANALYZER_NUMBER_OBJECT_CONVERSION = YES_AGGRESSIVE;
				CLANG_CXX_LANGUAGE_STANDARD = "gnu++17";
				CLANG_ENABLE_MODULES = YES;
				CLANG_ENABLE_OBJC_ARC = YES;
				CLANG_ENABLE_OBJC_WEAK = YES;
				CLANG_WARN_BLOCK_CAPTURE_AUTORELEASING = YES;
				CLANG_WARN_BOOL_CONVERSION = YES;
				CLANG_WARN_COMMA = YES;
				CLANG_WARN_CONSTANT_CONVERSION = YES;
				CLANG_WARN_DEPRECATED_OBJC_IMPLEMENTATIONS = YES;
				CLANG_WARN_DIRECT_OBJC_ISA_USAGE = YES_ERROR;
				CLANG_WARN_DOCUMENTATION_COMMENTS = YES;
				CLANG_WARN_EMPTY_BODY = YES;
				CLANG_WARN_ENUM_CONVERSION = YES;
				CLANG_WARN_INFINITE_RECURSION = YES;
				CLANG_WARN_INT_CONVERSION = YES;
				CLANG_WARN_NON_LITERAL_NULL_CONVERSION = YES;
				CLANG_WARN_OBJC_IMPLICIT_RETAIN_SELF = YES;
				CLANG_WARN_OBJC_LITERAL_CONVERSION = YES;
				CLANG_WARN_OBJC_ROOT_CLASS = YES_ERROR;
				CLANG_WARN_QUOTED_INCLUDE_IN_FRAMEWORK_HEADER = YES;
				CLANG_WARN_RANGE_LOOP_ANALYSIS = YES;
				CLANG_WARN_STRICT_PROTOTYPES = YES;
				CLANG_WARN_SUSPICIOUS_MOVE = YES;
				CLANG_WARN_UNGUARDED_AVAILABILITY = YES_AGGRESSIVE;
				CLANG_WARN_UNREACHABLE_CODE = YES;
				CLANG_WARN__DUPLICATE_METHOD_MATCH = YES;
				COPY_PHASE_STRIP = NO;
				DEBUG_INFORMATION_FORMAT = "dwarf-with-dsym";
				ENABLE_NS_ASSERTIONS = NO;
				ENABLE_STRICT_OBJC_MSGSEND = YES;
				GCC_C_LANGUAGE_STANDARD = gnu11;
				GCC_NO_COMMON_BLOCKS = YES;
				GCC_WARN_64_TO_32_BIT_CONVERSION = YES;
				GCC_WARN_ABOUT_RETURN_TYPE = YES_ERROR;
				GCC_WARN_UNDECLARED_SELECTOR = YES;
				GCC_WARN_UNINITIALIZED_AUTOS = YES_AGGRESSIVE;
				GCC_WARN_UNUSED_FUNCTION = YES;
				GCC_WARN_UNUSED_VARIABLE = YES;
				IPHONEOS_DEPLOYMENT_TARGET = 15.5;
				MTL_ENABLE_DEBUG_INFO = NO;
				MTL_FAST_MATH = YES;
				SDKROOT = iphoneos;
				SWIFT_COMPILATION_MODE = wholemodule;
				SWIFT_OPTIMIZATION_LEVEL = "-O";
				VALIDATE_PRODUCT = YES;
			};
			name = Release;
		};
		A311794528E082D400810F3A /* Debug */ = {
			isa = XCBuildConfiguration;
			buildSettings = {
				ASSETCATALOG_COMPILER_APPICON_NAME = AppIcon;
				ASSETCATALOG_COMPILER_GLOBAL_ACCENT_COLOR_NAME = AccentColor;
				CODE_SIGN_STYLE = Automatic;
				CURRENT_PROJECT_VERSION = 1;
				DEVELOPMENT_ASSET_PATHS = "\"memo/Preview Content\"";
				DEVELOPMENT_TEAM = BH5JAY4PH6;
				ENABLE_PREVIEWS = YES;
				GENERATE_INFOPLIST_FILE = YES;
				INFOPLIST_KEY_UIApplicationSceneManifest_Generation = YES;
				INFOPLIST_KEY_UIApplicationSupportsIndirectInputEvents = YES;
				INFOPLIST_KEY_UILaunchScreen_Generation = YES;
				INFOPLIST_KEY_UISupportedInterfaceOrientations_iPad = "UIInterfaceOrientationPortrait UIInterfaceOrientationPortraitUpsideDown UIInterfaceOrientationLandscapeLeft UIInterfaceOrientationLandscapeRight";
				INFOPLIST_KEY_UISupportedInterfaceOrientations_iPhone = "UIInterfaceOrientationPortrait UIInterfaceOrientationLandscapeLeft UIInterfaceOrientationLandscapeRight";
				LD_RUNPATH_SEARCH_PATHS = (
					"$(inherited)",
					"@executable_path/Frameworks",
				);
				MARKETING_VERSION = 1.0;
				PRODUCT_BUNDLE_IDENTIFIER = kantahasegawa.memo;
				PRODUCT_NAME = "$(TARGET_NAME)";
				SWIFT_EMIT_LOC_STRINGS = YES;
				SWIFT_VERSION = 5.0;
				TARGETED_DEVICE_FAMILY = "1,2";
			};
			name = Debug;
		};
		A311794628E082D400810F3A /* Release */ = {
			isa = XCBuildConfiguration;
			buildSettings = {
				ASSETCATALOG_COMPILER_APPICON_NAME = AppIcon;
				ASSETCATALOG_COMPILER_GLOBAL_ACCENT_COLOR_NAME = AccentColor;
				CODE_SIGN_STYLE = Automatic;
				CURRENT_PROJECT_VERSION = 1;
				DEVELOPMENT_ASSET_PATHS = "\"memo/Preview Content\"";
				DEVELOPMENT_TEAM = BH5JAY4PH6;
				ENABLE_PREVIEWS = YES;
				GENERATE_INFOPLIST_FILE = YES;
				INFOPLIST_KEY_UIApplicationSceneManifest_Generation = YES;
				INFOPLIST_KEY_UIApplicationSupportsIndirectInputEvents = YES;
				INFOPLIST_KEY_UILaunchScreen_Generation = YES;
				INFOPLIST_KEY_UISupportedInterfaceOrientations_iPad = "UIInterfaceOrientationPortrait UIInterfaceOrientationPortraitUpsideDown UIInterfaceOrientationLandscapeLeft UIInterfaceOrientationLandscapeRight";
				INFOPLIST_KEY_UISupportedInterfaceOrientations_iPhone = "UIInterfaceOrientationPortrait UIInterfaceOrientationLandscapeLeft UIInterfaceOrientationLandscapeRight";
				LD_RUNPATH_SEARCH_PATHS = (
					"$(inherited)",
					"@executable_path/Frameworks",
				);
				MARKETING_VERSION = 1.0;
				PRODUCT_BUNDLE_IDENTIFIER = kantahasegawa.memo;
				PRODUCT_NAME = "$(TARGET_NAME)";
				SWIFT_EMIT_LOC_STRINGS = YES;
				SWIFT_VERSION = 5.0;
				TARGETED_DEVICE_FAMILY = "1,2";
			};
			name = Release;
		};
		A311794828E082D400810F3A /* Debug */ = {
			isa = XCBuildConfiguration;
			buildSettings = {
				ALWAYS_EMBED_SWIFT_STANDARD_LIBRARIES = YES;
				BUNDLE_LOADER = "$(TEST_HOST)";
				CODE_SIGN_STYLE = Automatic;
				CURRENT_PROJECT_VERSION = 1;
				DEVELOPMENT_TEAM = BH5JAY4PH6;
				GENERATE_INFOPLIST_FILE = YES;
				IPHONEOS_DEPLOYMENT_TARGET = 15.5;
				MARKETING_VERSION = 1.0;
				PRODUCT_BUNDLE_IDENTIFIER = kantahasegawa.memoTests;
				PRODUCT_NAME = "$(TARGET_NAME)";
				SWIFT_EMIT_LOC_STRINGS = NO;
				SWIFT_VERSION = 5.0;
				TARGETED_DEVICE_FAMILY = "1,2";
				TEST_HOST = "$(BUILT_PRODUCTS_DIR)/memo.app/memo";
			};
			name = Debug;
		};
		A311794928E082D400810F3A /* Release */ = {
			isa = XCBuildConfiguration;
			buildSettings = {
				ALWAYS_EMBED_SWIFT_STANDARD_LIBRARIES = YES;
				BUNDLE_LOADER = "$(TEST_HOST)";
				CODE_SIGN_STYLE = Automatic;
				CURRENT_PROJECT_VERSION = 1;
				DEVELOPMENT_TEAM = BH5JAY4PH6;
				GENERATE_INFOPLIST_FILE = YES;
				IPHONEOS_DEPLOYMENT_TARGET = 15.5;
				MARKETING_VERSION = 1.0;
				PRODUCT_BUNDLE_IDENTIFIER = kantahasegawa.memoTests;
				PRODUCT_NAME = "$(TARGET_NAME)";
				SWIFT_EMIT_LOC_STRINGS = NO;
				SWIFT_VERSION = 5.0;
				TARGETED_DEVICE_FAMILY = "1,2";
				TEST_HOST = "$(BUILT_PRODUCTS_DIR)/memo.app/memo";
			};
			name = Release;
		};
		A311794B28E082D400810F3A /* Debug */ = {
			isa = XCBuildConfiguration;
			buildSettings = {
				ALWAYS_EMBED_SWIFT_STANDARD_LIBRARIES = YES;
				CODE_SIGN_STYLE = Automatic;
				CURRENT_PROJECT_VERSION = 1;
				DEVELOPMENT_TEAM = BH5JAY4PH6;
				GENERATE_INFOPLIST_FILE = YES;
				MARKETING_VERSION = 1.0;
				PRODUCT_BUNDLE_IDENTIFIER = kantahasegawa.memoUITests;
				PRODUCT_NAME = "$(TARGET_NAME)";
				SWIFT_EMIT_LOC_STRINGS = NO;
				SWIFT_VERSION = 5.0;
				TARGETED_DEVICE_FAMILY = "1,2";
				TEST_TARGET_NAME = memo;
			};
			name = Debug;
		};
		A311794C28E082D400810F3A /* Release */ = {
			isa = XCBuildConfiguration;
			buildSettings = {
				ALWAYS_EMBED_SWIFT_STANDARD_LIBRARIES = YES;
				CODE_SIGN_STYLE = Automatic;
				CURRENT_PROJECT_VERSION = 1;
				DEVELOPMENT_TEAM = BH5JAY4PH6;
				GENERATE_INFOPLIST_FILE = YES;
				MARKETING_VERSION = 1.0;
				PRODUCT_BUNDLE_IDENTIFIER = kantahasegawa.memoUITests;
				PRODUCT_NAME = "$(TARGET_NAME)";
				SWIFT_EMIT_LOC_STRINGS = NO;
				SWIFT_VERSION = 5.0;
				TARGETED_DEVICE_FAMILY = "1,2";
				TEST_TARGET_NAME = memo;
			};
			name = Release;
		};
/* End XCBuildConfiguration section */

/* Begin XCConfigurationList section */
		A311791B28E082D300810F3A /* Build configuration list for PBXProject "memo" */ = {
			isa = XCConfigurationList;
			buildConfigurations = (
				A311794228E082D400810F3A /* Debug */,
				A311794328E082D400810F3A /* Release */,
			);
			defaultConfigurationIsVisible = 0;
			defaultConfigurationName = Release;
		};
		A311794428E082D400810F3A /* Build configuration list for PBXNativeTarget "memo" */ = {
			isa = XCConfigurationList;
			buildConfigurations = (
				A311794528E082D400810F3A /* Debug */,
				A311794628E082D400810F3A /* Release */,
			);
			defaultConfigurationIsVisible = 0;
			defaultConfigurationName = Release;
		};
		A311794728E082D400810F3A /* Build configuration list for PBXNativeTarget "memoTests" */ = {
			isa = XCConfigurationList;
			buildConfigurations = (
				A311794828E082D400810F3A /* Debug */,
				A311794928E082D400810F3A /* Release */,
			);
			defaultConfigurationIsVisible = 0;
			defaultConfigurationName = Release;
		};
		A311794A28E082D400810F3A /* Build configuration list for PBXNativeTarget "memoUITests" */ = {
			isa = XCConfigurationList;
			buildConfigurations = (
				A311794B28E082D400810F3A /* Debug */,
				A311794C28E082D400810F3A /* Release */,
			);
			defaultConfigurationIsVisible = 0;
			defaultConfigurationName = Release;
		};
/* End XCConfigurationList section */
	};
	rootObject = A311791828E082D300810F3A /* Project object */;
}
